
Microsoft Visual Studio Solution File, Format Version 12.00
# Visual Studio 15
VisualStudioVersion = 15.0.28307.329
MinimumVisualStudioVersion = 10.0.40219.1
Project("{8BC9CEB8-8B4A-11D0-8D11-00A0C91BC942}") = "lr1", "lr1\lr1.vcxproj", "{80699E39-88DE-4586-B745-A56F29754941}"
EndProject
Project("{8BC9CEB8-8B4A-11D0-8D11-00A0C91BC942}") = "lr2", "lr2\lr2\lr2.vcxproj", "{60DAED93-5D36-4EAF-90A2-0F85B4B6DC2D}"
EndProject
Project("{8BC9CEB8-8B4A-11D0-8D11-00A0C91BC942}") = "lr3", "lr3\lr3.vcxproj", "{E02AD6DA-0D4C-4BFF-B66B-001C727227CA}"
EndProject
Project("{8BC9CEB8-8B4A-11D0-8D11-00A0C91BC942}") = "lr4", "lr4\lr4.vcxproj", "{03B50B45-598F-49E5-8EF9-44538D8F3DB7}"
EndProject
Project("{8BC9CEB8-8B4A-11D0-8D11-00A0C91BC942}") = "lr5", "lr5\lr5.vcxproj", "{8F31CE44-AF58-4134-950B-20E20623DEA7}"
EndProject
Project("{8BC9CEB8-8B4A-11D0-8D11-00A0C91BC942}") = "lr6", "lr6\lr6.vcxproj", "{01014C10-ABF0-4975-B5D3-E893D5C8491F}"
EndProject
Project("{8BC9CEB8-8B4A-11D0-8D11-00A0C91BC942}") = "lr7_1", "lr7\lr7.vcxproj", "{1AA61DC6-EF7B-46A1-9EC3-C76FBF2C42E1}"
EndProject
Global
	GlobalSection(SolutionConfigurationPlatforms) = preSolution
		Debug|x64 = Debug|x64
		Debug|x86 = Debug|x86
		Release|x64 = Release|x64
		Release|x86 = Release|x86
	EndGlobalSection
	GlobalSection(ProjectConfigurationPlatforms) = postSolution
		{80699E39-88DE-4586-B745-A56F29754941}.Debug|x64.ActiveCfg = Debug|x64
		{80699E39-88DE-4586-B745-A56F29754941}.Debug|x64.Build.0 = Debug|x64
		{80699E39-88DE-4586-B745-A56F29754941}.Debug|x86.ActiveCfg = Debug|Win32
		{80699E39-88DE-4586-B745-A56F29754941}.Debug|x86.Build.0 = Debug|Win32
		{80699E39-88DE-4586-B745-A56F29754941}.Release|x64.ActiveCfg = Release|x64
		{80699E39-88DE-4586-B745-A56F29754941}.Release|x64.Build.0 = Release|x64
		{80699E39-88DE-4586-B745-A56F29754941}.Release|x86.ActiveCfg = Release|Win32
		{80699E39-88DE-4586-B745-A56F29754941}.Release|x86.Build.0 = Release|Win32
		{60DAED93-5D36-4EAF-90A2-0F85B4B6DC2D}.Debug|x64.ActiveCfg = Debug|x64
		{60DAED93-5D36-4EAF-90A2-0F85B4B6DC2D}.Debug|x64.Build.0 = Debug|x64
		{60DAED93-5D36-4EAF-90A2-0F85B4B6DC2D}.Debug|x86.ActiveCfg = Debug|Win32
		{60DAED93-5D36-4EAF-90A2-0F85B4B6DC2D}.Debug|x86.Build.0 = Debug|Win32
		{60DAED93-5D36-4EAF-90A2-0F85B4B6DC2D}.Release|x64.ActiveCfg = Release|x64
		{60DAED93-5D36-4EAF-90A2-0F85B4B6DC2D}.Release|x64.Build.0 = Release|x64
		{60DAED93-5D36-4EAF-90A2-0F85B4B6DC2D}.Release|x86.ActiveCfg = Release|Win32
		{60DAED93-5D36-4EAF-90A2-0F85B4B6DC2D}.Release|x86.Build.0 = Release|Win32
		{E02AD6DA-0D4C-4BFF-B66B-001C727227CA}.Debug|x64.ActiveCfg = Debug|x64
		{E02AD6DA-0D4C-4BFF-B66B-001C727227CA}.Debug|x64.Build.0 = Debug|x64
		{E02AD6DA-0D4C-4BFF-B66B-001C727227CA}.Debug|x86.ActiveCfg = Debug|Win32
		{E02AD6DA-0D4C-4BFF-B66B-001C727227CA}.Debug|x86.Build.0 = Debug|Win32
		{E02AD6DA-0D4C-4BFF-B66B-001C727227CA}.Release|x64.ActiveCfg = Release|x64
		{E02AD6DA-0D4C-4BFF-B66B-001C727227CA}.Release|x64.Build.0 = Release|x64
		{E02AD6DA-0D4C-4BFF-B66B-001C727227CA}.Release|x86.ActiveCfg = Release|Win32
		{E02AD6DA-0D4C-4BFF-B66B-001C727227CA}.Release|x86.Build.0 = Release|Win32
		{03B50B45-598F-49E5-8EF9-44538D8F3DB7}.Debug|x64.ActiveCfg = Debug|x64
		{03B50B45-598F-49E5-8EF9-44538D8F3DB7}.Debug|x64.Build.0 = Debug|x64
		{03B50B45-598F-49E5-8EF9-44538D8F3DB7}.Debug|x86.ActiveCfg = Debug|Win32
		{03B50B45-598F-49E5-8EF9-44538D8F3DB7}.Debug|x86.Build.0 = Debug|Win32
		{03B50B45-598F-49E5-8EF9-44538D8F3DB7}.Release|x64.ActiveCfg = Release|x64
		{03B50B45-598F-49E5-8EF9-44538D8F3DB7}.Release|x64.Build.0 = Release|x64
		{03B50B45-598F-49E5-8EF9-44538D8F3DB7}.Release|x86.ActiveCfg = Release|Win32
		{03B50B45-598F-49E5-8EF9-44538D8F3DB7}.Release|x86.Build.0 = Release|Win32
		{8F31CE44-AF58-4134-950B-20E20623DEA7}.Debug|x64.ActiveCfg = Debug|x64
		{8F31CE44-AF58-4134-950B-20E20623DEA7}.Debug|x64.Build.0 = Debug|x64
		{8F31CE44-AF58-4134-950B-20E20623DEA7}.Debug|x86.ActiveCfg = Debug|Win32
		{8F31CE44-AF58-4134-950B-20E20623DEA7}.Debug|x86.Build.0 = Debug|Win32
		{8F31CE44-AF58-4134-950B-20E20623DEA7}.Release|x64.ActiveCfg = Release|x64
		{8F31CE44-AF58-4134-950B-20E20623DEA7}.Release|x64.Build.0 = Release|x64
		{8F31CE44-AF58-4134-950B-20E20623DEA7}.Release|x86.ActiveCfg = Release|Win32
		{8F31CE44-AF58-4134-950B-20E20623DEA7}.Release|x86.Build.0 = Release|Win32
		{01014C10-ABF0-4975-B5D3-E893D5C8491F}.Debug|x64.ActiveCfg = Debug|x64
		{01014C10-ABF0-4975-B5D3-E893D5C8491F}.Debug|x64.Build.0 = Debug|x64
		{01014C10-ABF0-4975-B5D3-E893D5C8491F}.Debug|x86.ActiveCfg = Debug|Win32
		{01014C10-ABF0-4975-B5D3-E893D5C8491F}.Debug|x86.Build.0 = Debug|Win32
		{01014C10-ABF0-4975-B5D3-E893D5C8491F}.Release|x64.ActiveCfg = Release|x64
		{01014C10-ABF0-4975-B5D3-E893D5C8491F}.Release|x64.Build.0 = Release|x64
		{01014C10-ABF0-4975-B5D3-E893D5C8491F}.Release|x86.ActiveCfg = Release|Win32
		{01014C10-ABF0-4975-B5D3-E893D5C8491F}.Release|x86.Build.0 = Release|Win32
		{1AA61DC6-EF7B-46A1-9EC3-C76FBF2C42E1}.Debug|x64.ActiveCfg = Debug|x64
		{1AA61DC6-EF7B-46A1-9EC3-C76FBF2C42E1}.Debug|x64.Build.0 = Debug|x64
		{1AA61DC6-EF7B-46A1-9EC3-C76FBF2C42E1}.Debug|x86.ActiveCfg = Debug|Win32
		{1AA61DC6-EF7B-46A1-9EC3-C76FBF2C42E1}.Debug|x86.Build.0 = Debug|Win32
		{1AA61DC6-EF7B-46A1-9EC3-C76FBF2C42E1}.Release|x64.ActiveCfg = Release|x64
		{1AA61DC6-EF7B-46A1-9EC3-C76FBF2C42E1}.Release|x64.Build.0 = Release|x64
		{1AA61DC6-EF7B-46A1-9EC3-C76FBF2C42E1}.Release|x86.ActiveCfg = Release|Win32
		{1AA61DC6-EF7B-46A1-9EC3-C76FBF2C42E1}.Release|x86.Build.0 = Release|Win32
	EndGlobalSection
	GlobalSection(SolutionProperties) = preSolution
		HideSolutionNode = FALSE
	EndGlobalSection
	GlobalSection(ExtensibilityGlobals) = postSolution
		SolutionGuid = {CE6CD5A8-DB4A-425F-9DB5-A28F0C01DAE4}
	EndGlobalSection
EndGlobal
