
Microsoft Visual Studio Solution File, Format Version 12.00
# Visual Studio Version 16
VisualStudioVersion = 16.0.30011.22
MinimumVisualStudioVersion = 10.0.40219.1
Project("{8BC9CEB8-8B4A-11D0-8D11-00A0C91BC942}") = "ЛР6", "ЛР6\ЛР6.vcxproj", "{BA2FBF13-5B9A-423C-9BAB-CAD5A78EB152}"
EndProject
Global
	GlobalSection(SolutionConfigurationPlatforms) = preSolution
		Debug|x64 = Debug|x64
		Debug|x86 = Debug|x86
		Release|x64 = Release|x64
		Release|x86 = Release|x86
	EndGlobalSection
	GlobalSection(ProjectConfigurationPlatforms) = postSolution
		{BA2FBF13-5B9A-423C-9BAB-CAD5A78EB152}.Debug|x64.ActiveCfg = Debug|x64
		{BA2FBF13-5B9A-423C-9BAB-CAD5A78EB152}.Debug|x64.Build.0 = Debug|x64
		{BA2FBF13-5B9A-423C-9BAB-CAD5A78EB152}.Debug|x86.ActiveCfg = Debug|Win32
		{BA2FBF13-5B9A-423C-9BAB-CAD5A78EB152}.Debug|x86.Build.0 = Debug|Win32
		{BA2FBF13-5B9A-423C-9BAB-CAD5A78EB152}.Release|x64.ActiveCfg = Release|x64
		{BA2FBF13-5B9A-423C-9BAB-CAD5A78EB152}.Release|x64.Build.0 = Release|x64
		{BA2FBF13-5B9A-423C-9BAB-CAD5A78EB152}.Release|x86.ActiveCfg = Release|Win32
		{BA2FBF13-5B9A-423C-9BAB-CAD5A78EB152}.Release|x86.Build.0 = Release|Win32
	EndGlobalSection
	GlobalSection(SolutionProperties) = preSolution
		HideSolutionNode = FALSE
	EndGlobalSection
	GlobalSection(ExtensibilityGlobals) = postSolution
		SolutionGuid = {F45EC88E-EBF8-4899-A6C6-02FF59FD03E0}
	EndGlobalSection
EndGlobal
